// !$*UTF8*$!
{
	archiveVersion = 1;
	classes = {
	};
	objectVersion = 50;
	objects = {

/* Begin PBXBuildFile section */
		59DE8DE124CE0DF5000AEC34 /* NSSentryGunApp.swift in Sources */ = {isa = PBXBuildFile; fileRef = 59DE8DE024CE0DF5000AEC34 /* NSSentryGunApp.swift */; };
		59DE8DE324CE0DF5000AEC34 /* ContentView.swift in Sources */ = {isa = PBXBuildFile; fileRef = 59DE8DE224CE0DF5000AEC34 /* ContentView.swift */; };
		59DE8DE524CE0DF6000AEC34 /* Assets.xcassets in Resources */ = {isa = PBXBuildFile; fileRef = 59DE8DE424CE0DF6000AEC34 /* Assets.xcassets */; };
		59DE8DE824CE0DF6000AEC34 /* Preview Assets.xcassets in Resources */ = {isa = PBXBuildFile; fileRef = 59DE8DE724CE0DF6000AEC34 /* Preview Assets.xcassets */; };
		59DE8DF624CE0E26000AEC34 /* CameraHostingController.swift in Sources */ = {isa = PBXBuildFile; fileRef = 59DE8DEF24CE0E26000AEC34 /* CameraHostingController.swift */; };
		59DE8DF724CE0E26000AEC34 /* TargetDataViewModel.swift in Sources */ = {isa = PBXBuildFile; fileRef = 59DE8DF024CE0E26000AEC34 /* TargetDataViewModel.swift */; };
		59DE8DF824CE0E26000AEC34 /* CameraViewWrapper.swift in Sources */ = {isa = PBXBuildFile; fileRef = 59DE8DF124CE0E26000AEC34 /* CameraViewWrapper.swift */; };
		59DE8DF924CE0E26000AEC34 /* SocketWorker.swift in Sources */ = {isa = PBXBuildFile; fileRef = 59DE8DF224CE0E26000AEC34 /* SocketWorker.swift */; };
		59DE8DFA24CE0E26000AEC34 /* CameraView.swift in Sources */ = {isa = PBXBuildFile; fileRef = 59DE8DF324CE0E26000AEC34 /* CameraView.swift */; };
		59DE8DFB24CE0E26000AEC34 /* CameraViewController.swift in Sources */ = {isa = PBXBuildFile; fileRef = 59DE8DF424CE0E26000AEC34 /* CameraViewController.swift */; };
		59DE8DFC24CE0E26000AEC34 /* DataView.swift in Sources */ = {isa = PBXBuildFile; fileRef = 59DE8DF524CE0E26000AEC34 /* DataView.swift */; };
/* End PBXBuildFile section */

/* Begin PBXFileReference section */
		59DE8DDD24CE0DF5000AEC34 /* NSSentryGun.app */ = {isa = PBXFileReference; explicitFileType = wrapper.application; includeInIndex = 0; path = NSSentryGun.app; sourceTree = BUILT_PRODUCTS_DIR; };
		59DE8DE024CE0DF5000AEC34 /* NSSentryGunApp.swift */ = {isa = PBXFileReference; lastKnownFileType = sourcecode.swift; path = NSSentryGunApp.swift; sourceTree = "<group>"; };
		59DE8DE224CE0DF5000AEC34 /* ContentView.swift */ = {isa = PBXFileReference; lastKnownFileType = sourcecode.swift; path = ContentView.swift; sourceTree = "<group>"; };
		59DE8DE424CE0DF6000AEC34 /* Assets.xcassets */ = {isa = PBXFileReference; lastKnownFileType = folder.assetcatalog; path = Assets.xcassets; sourceTree = "<group>"; };
		59DE8DE724CE0DF6000AEC34 /* Preview Assets.xcassets */ = {isa = PBXFileReference; lastKnownFileType = folder.assetcatalog; path = "Preview Assets.xcassets"; sourceTree = "<group>"; };
		59DE8DE924CE0DF6000AEC34 /* Info.plist */ = {isa = PBXFileReference; lastKnownFileType = text.plist.xml; path = Info.plist; sourceTree = "<group>"; };
		59DE8DEF24CE0E26000AEC34 /* CameraHostingController.swift */ = {isa = PBXFileReference; fileEncoding = 4; lastKnownFileType = sourcecode.swift; path = CameraHostingController.swift; sourceTree = "<group>"; };
		59DE8DF024CE0E26000AEC34 /* TargetDataViewModel.swift */ = {isa = PBXFileReference; fileEncoding = 4; lastKnownFileType = sourcecode.swift; path = TargetDataViewModel.swift; sourceTree = "<group>"; };
		59DE8DF124CE0E26000AEC34 /* CameraViewWrapper.swift */ = {isa = PBXFileReference; fileEncoding = 4; lastKnownFileType = sourcecode.swift; path = CameraViewWrapper.swift; sourceTree = "<group>"; };
		59DE8DF224CE0E26000AEC34 /* SocketWorker.swift */ = {isa = PBXFileReference; fileEncoding = 4; lastKnownFileType = sourcecode.swift; path = SocketWorker.swift; sourceTree = "<group>"; };
		59DE8DF324CE0E26000AEC34 /* CameraView.swift */ = {isa = PBXFileReference; fileEncoding = 4; lastKnownFileType = sourcecode.swift; path = CameraView.swift; sourceTree = "<group>"; };
		59DE8DF424CE0E26000AEC34 /* CameraViewController.swift */ = {isa = PBXFileReference; fileEncoding = 4; lastKnownFileType = sourcecode.swift; path = CameraViewController.swift; sourceTree = "<group>"; };
		59DE8DF524CE0E26000AEC34 /* DataView.swift */ = {isa = PBXFileReference; fileEncoding = 4; lastKnownFileType = sourcecode.swift; path = DataView.swift; sourceTree = "<group>"; };
/* End PBXFileReference section */

/* Begin PBXFrameworksBuildPhase section */
		59DE8DDA24CE0DF5000AEC34 /* Frameworks */ = {
			isa = PBXFrameworksBuildPhase;
			buildActionMask = 2147483647;
			files = (
			);
			runOnlyForDeploymentPostprocessing = 0;
		};
/* End PBXFrameworksBuildPhase section */

/* Begin PBXGroup section */
		59DE8DD424CE0DF5000AEC34 = {
			isa = PBXGroup;
			children = (
				59DE8DDF24CE0DF5000AEC34 /* NSSentryGun */,
				59DE8DDE24CE0DF5000AEC34 /* Products */,
			);
			sourceTree = "<group>";
		};
		59DE8DDE24CE0DF5000AEC34 /* Products */ = {
			isa = PBXGroup;
			children = (
				59DE8DDD24CE0DF5000AEC34 /* NSSentryGun.app */,
			);
			name = Products;
			sourceTree = "<group>";
		};
		59DE8DDF24CE0DF5000AEC34 /* NSSentryGun */ = {
			isa = PBXGroup;
			children = (
				59DE8DE024CE0DF5000AEC34 /* NSSentryGunApp.swift */,
				59DE8DE224CE0DF5000AEC34 /* ContentView.swift */,
				59DE8DEF24CE0E26000AEC34 /* CameraHostingController.swift */,
				59DE8DF324CE0E26000AEC34 /* CameraView.swift */,
				59DE8DF424CE0E26000AEC34 /* CameraViewController.swift */,
				59DE8DF124CE0E26000AEC34 /* CameraViewWrapper.swift */,
				59DE8DF524CE0E26000AEC34 /* DataView.swift */,
				59DE8DF224CE0E26000AEC34 /* SocketWorker.swift */,
				59DE8DF024CE0E26000AEC34 /* TargetDataViewModel.swift */,
				59DE8DE424CE0DF6000AEC34 /* Assets.xcassets */,
				59DE8DE924CE0DF6000AEC34 /* Info.plist */,
				59DE8DE624CE0DF6000AEC34 /* Preview Content */,
			);
			path = NSSentryGun;
			sourceTree = "<group>";
		};
		59DE8DE624CE0DF6000AEC34 /* Preview Content */ = {
			isa = PBXGroup;
			children = (
				59DE8DE724CE0DF6000AEC34 /* Preview Assets.xcassets */,
			);
			path = "Preview Content";
			sourceTree = "<group>";
		};
/* End PBXGroup section */

/* Begin PBXNativeTarget section */
		59DE8DDC24CE0DF5000AEC34 /* NSSentryGun */ = {
			isa = PBXNativeTarget;
			buildConfigurationList = 59DE8DEC24CE0DF6000AEC34 /* Build configuration list for PBXNativeTarget "NSSentryGun" */;
			buildPhases = (
				59DE8DD924CE0DF5000AEC34 /* Sources */,
				59DE8DDA24CE0DF5000AEC34 /* Frameworks */,
				59DE8DDB24CE0DF5000AEC34 /* Resources */,
			);
			buildRules = (
			);
			dependencies = (
			);
			name = NSSentryGun;
			productName = NSSentryGun;
			productReference = 59DE8DDD24CE0DF5000AEC34 /* NSSentryGun.app */;
			productType = "com.apple.product-type.application";
		};
/* End PBXNativeTarget section */

/* Begin PBXProject section */
		59DE8DD524CE0DF5000AEC34 /* Project object */ = {
			isa = PBXProject;
			attributes = {
				LastSwiftUpdateCheck = 1200;
				LastUpgradeCheck = 1200;
				TargetAttributes = {
					59DE8DDC24CE0DF5000AEC34 = {
						CreatedOnToolsVersion = 12.0;
					};
				};
			};
			buildConfigurationList = 59DE8DD824CE0DF5000AEC34 /* Build configuration list for PBXProject "NSSentryGun" */;
			compatibilityVersion = "Xcode 9.3";
			developmentRegion = en;
			hasScannedForEncodings = 0;
			knownRegions = (
				en,
				Base,
			);
			mainGroup = 59DE8DD424CE0DF5000AEC34;
			productRefGroup = 59DE8DDE24CE0DF5000AEC34 /* Products */;
			projectDirPath = "";
			projectRoot = "";
			targets = (
				59DE8DDC24CE0DF5000AEC34 /* NSSentryGun */,
			);
		};
/* End PBXProject section */

/* Begin PBXResourcesBuildPhase section */
		59DE8DDB24CE0DF5000AEC34 /* Resources */ = {
			isa = PBXResourcesBuildPhase;
			buildActionMask = 2147483647;
			files = (
				59DE8DE824CE0DF6000AEC34 /* Preview Assets.xcassets in Resources */,
				59DE8DE524CE0DF6000AEC34 /* Assets.xcassets in Resources */,
			);
			runOnlyForDeploymentPostprocessing = 0;
		};
/* End PBXResourcesBuildPhase section */

/* Begin PBXSourcesBuildPhase section */
		59DE8DD924CE0DF5000AEC34 /* Sources */ = {
			isa = PBXSourcesBuildPhase;
			buildActionMask = 2147483647;
			files = (
				59DE8DFC24CE0E26000AEC34 /* DataView.swift in Sources */,
				59DE8DE324CE0DF5000AEC34 /* ContentView.swift in Sources */,
				59DE8DFA24CE0E26000AEC34 /* CameraView.swift in Sources */,
				59DE8DF724CE0E26000AEC34 /* TargetDataViewModel.swift in Sources */,
				59DE8DF924CE0E26000AEC34 /* SocketWorker.swift in Sources */,
				59DE8DF824CE0E26000AEC34 /* CameraViewWrapper.swift in Sources */,
				59DE8DFB24CE0E26000AEC34 /* CameraViewController.swift in Sources */,
				59DE8DF624CE0E26000AEC34 /* CameraHostingController.swift in Sources */,
				59DE8DE124CE0DF5000AEC34 /* NSSentryGunApp.swift in Sources */,
			);
			runOnlyForDeploymentPostprocessing = 0;
		};
/* End PBXSourcesBuildPhase section */

/* Begin XCBuildConfiguration section */
		59DE8DEA24CE0DF6000AEC34 /* Debug */ = {
			isa = XCBuildConfiguration;
			buildSettings = {
				ALWAYS_SEARCH_USER_PATHS = NO;
				CLANG_ANALYZER_NONNULL = YES;
				CLANG_ANALYZER_NUMBER_OBJECT_CONVERSION = YES_AGGRESSIVE;
				CLANG_CXX_LANGUAGE_STANDARD = "gnu++14";
				CLANG_CXX_LIBRARY = "libc++";
				CLANG_ENABLE_MODULES = YES;
				CLANG_ENABLE_OBJC_ARC = YES;
				CLANG_ENABLE_OBJC_WEAK = YES;
				CLANG_WARN_BLOCK_CAPTURE_AUTORELEASING = YES;
				CLANG_WARN_BOOL_CONVERSION = YES;
				CLANG_WARN_COMMA = YES;
				CLANG_WARN_CONSTANT_CONVERSION = YES;
				CLANG_WARN_DEPRECATED_OBJC_IMPLEMENTATIONS = YES;
				CLANG_WARN_DIRECT_OBJC_ISA_USAGE = YES_ERROR;
				CLANG_WARN_DOCUMENTATION_COMMENTS = YES;
				CLANG_WARN_EMPTY_BODY = YES;
				CLANG_WARN_ENUM_CONVERSION = YES;
				CLANG_WARN_INFINITE_RECURSION = YES;
				CLANG_WARN_INT_CONVERSION = YES;
				CLANG_WARN_NON_LITERAL_NULL_CONVERSION = YES;
				CLANG_WARN_OBJC_IMPLICIT_RETAIN_SELF = YES;
				CLANG_WARN_OBJC_LITERAL_CONVERSION = YES;
				CLANG_WARN_OBJC_ROOT_CLASS = YES_ERROR;
				CLANG_WARN_QUOTED_INCLUDE_IN_FRAMEWORK_HEADER = YES;
				CLANG_WARN_RANGE_LOOP_ANALYSIS = YES;
				CLANG_WARN_STRICT_PROTOTYPES = YES;
				CLANG_WARN_SUSPICIOUS_MOVE = YES;
				CLANG_WARN_UNGUARDED_AVAILABILITY = YES_AGGRESSIVE;
				CLANG_WARN_UNREACHABLE_CODE = YES;
				CLANG_WARN__DUPLICATE_METHOD_MATCH = YES;
				COPY_PHASE_STRIP = NO;
				DEBUG_INFORMATION_FORMAT = dwarf;
				ENABLE_STRICT_OBJC_MSGSEND = YES;
				ENABLE_TESTABILITY = YES;
				GCC_C_LANGUAGE_STANDARD = gnu11;
				GCC_DYNAMIC_NO_PIC = NO;
				GCC_NO_COMMON_BLOCKS = YES;
				GCC_OPTIMIZATION_LEVEL = 0;
				GCC_PREPROCESSOR_DEFINITIONS = (
					"DEBUG=1",
					"$(inherited)",
				);
				GCC_WARN_64_TO_32_BIT_CONVERSION = YES;
				GCC_WARN_ABOUT_RETURN_TYPE = YES_ERROR;
				GCC_WARN_UNDECLARED_SELECTOR = YES;
				GCC_WARN_UNINITIALIZED_AUTOS = YES_AGGRESSIVE;
				GCC_WARN_UNUSED_FUNCTION = YES;
				GCC_WARN_UNUSED_VARIABLE = YES;
				IPHONEOS_DEPLOYMENT_TARGET = 14.0;
				MTL_ENABLE_DEBUG_INFO = INCLUDE_SOURCE;
				MTL_FAST_MATH = YES;
				ONLY_ACTIVE_ARCH = YES;
				SDKROOT = iphoneos;
				SWIFT_ACTIVE_COMPILATION_CONDITIONS = DEBUG;
				SWIFT_OPTIMIZATION_LEVEL = "-Onone";
			};
			name = Debug;
		};
		59DE8DEB24CE0DF6000AEC34 /* Release */ = {
			isa = XCBuildConfiguration;
			buildSettings = {
				ALWAYS_SEARCH_USER_PATHS = NO;
				CLANG_ANALYZER_NONNULL = YES;
				CLANG_ANALYZER_NUMBER_OBJECT_CONVERSION = YES_AGGRESSIVE;
				CLANG_CXX_LANGUAGE_STANDARD = "gnu++14";
				CLANG_CXX_LIBRARY = "libc++";
				CLANG_ENABLE_MODULES = YES;
				CLANG_ENABLE_OBJC_ARC = YES;
				CLANG_ENABLE_OBJC_WEAK = YES;
				CLANG_WARN_BLOCK_CAPTURE_AUTORELEASING = YES;
				CLANG_WARN_BOOL_CONVERSION = YES;
				CLANG_WARN_COMMA = YES;
				CLANG_WARN_CONSTANT_CONVERSION = YES;
				CLANG_WARN_DEPRECATED_OBJC_IMPLEMENTATIONS = YES;
				CLANG_WARN_DIRECT_OBJC_ISA_USAGE = YES_ERROR;
				CLANG_WARN_DOCUMENTATION_COMMENTS = YES;
				CLANG_WARN_EMPTY_BODY = YES;
				CLANG_WARN_ENUM_CONVERSION = YES;
				CLANG_WARN_INFINITE_RECURSION = YES;
				CLANG_WARN_INT_CONVERSION = YES;
				CLANG_WARN_NON_LITERAL_NULL_CONVERSION = YES;
				CLANG_WARN_OBJC_IMPLICIT_RETAIN_SELF = YES;
				CLANG_WARN_OBJC_LITERAL_CONVERSION = YES;
				CLANG_WARN_OBJC_ROOT_CLASS = YES_ERROR;
				CLANG_WARN_QUOTED_INCLUDE_IN_FRAMEWORK_HEADER = YES;
				CLANG_WARN_RANGE_LOOP_ANALYSIS = YES;
				CLANG_WARN_STRICT_PROTOTYPES = YES;
				CLANG_WARN_SUSPICIOUS_MOVE = YES;
				CLANG_WARN_UNGUARDED_AVAILABILITY = YES_AGGRESSIVE;
				CLANG_WARN_UNREACHABLE_CODE = YES;
				CLANG_WARN__DUPLICATE_METHOD_MATCH = YES;
				COPY_PHASE_STRIP = NO;
				DEBUG_INFORMATION_FORMAT = "dwarf-with-dsym";
				ENABLE_NS_ASSERTIONS = NO;
				ENABLE_STRICT_OBJC_MSGSEND = YES;
				GCC_C_LANGUAGE_STANDARD = gnu11;
				GCC_NO_COMMON_BLOCKS = YES;
				GCC_WARN_64_TO_32_BIT_CONVERSION = YES;
				GCC_WARN_ABOUT_RETURN_TYPE = YES_ERROR;
				GCC_WARN_UNDECLARED_SELECTOR = YES;
				GCC_WARN_UNINITIALIZED_AUTOS = YES_AGGRESSIVE;
				GCC_WARN_UNUSED_FUNCTION = YES;
				GCC_WARN_UNUSED_VARIABLE = YES;
				IPHONEOS_DEPLOYMENT_TARGET = 14.0;
				MTL_ENABLE_DEBUG_INFO = NO;
				MTL_FAST_MATH = YES;
				SDKROOT = iphoneos;
				SWIFT_COMPILATION_MODE = wholemodule;
				SWIFT_OPTIMIZATION_LEVEL = "-O";
				VALIDATE_PRODUCT = YES;
			};
			name = Release;
		};
		59DE8DED24CE0DF6000AEC34 /* Debug */ = {
			isa = XCBuildConfiguration;
			buildSettings = {
				ASSETCATALOG_COMPILER_APPICON_NAME = AppIcon;
				ASSETCATALOG_COMPILER_GLOBAL_ACCENT_COLOR_NAME = AccentColor;
				CODE_SIGN_STYLE = Automatic;
				DEVELOPMENT_ASSET_PATHS = "\"NSSentryGun/Preview Content\"";
				DEVELOPMENT_TEAM = PJ3U833TSD;
				ENABLE_PREVIEWS = YES;
				INFOPLIST_FILE = NSSentryGun/Info.plist;
				IPHONEOS_DEPLOYMENT_TARGET = 14.0;
				LD_RUNPATH_SEARCH_PATHS = (
					"$(inherited)",
					"@executable_path/Frameworks",
				);
				PRODUCT_BUNDLE_IDENTIFIER = com.rockbruno.NSSentryGun;
				PRODUCT_NAME = "$(TARGET_NAME)";
				SWIFT_VERSION = 5.0;
				TARGETED_DEVICE_FAMILY = "1,2";
			};
			name = Debug;
		};
		59DE8DEE24CE0DF6000AEC34 /* Release */ = {
			isa = XCBuildConfiguration;
			buildSettings = {
				ASSETCATALOG_COMPILER_APPICON_NAME = AppIcon;
				ASSETCATALOG_COMPILER_GLOBAL_ACCENT_COLOR_NAME = AccentColor;
				CODE_SIGN_STYLE = Automatic;
				DEVELOPMENT_ASSET_PATHS = "\"NSSentryGun/Preview Content\"";
				DEVELOPMENT_TEAM = PJ3U833TSD;
				ENABLE_PREVIEWS = YES;
				INFOPLIST_FILE = NSSentryGun/Info.plist;
				IPHONEOS_DEPLOYMENT_TARGET = 14.0;
				LD_RUNPATH_SEARCH_PATHS = (
					"$(inherited)",
					"@executable_path/Frameworks",
				);
				PRODUCT_BUNDLE_IDENTIFIER = com.rockbruno.NSSentryGun;
				PRODUCT_NAME = "$(TARGET_NAME)";
				SWIFT_VERSION = 5.0;
				TARGETED_DEVICE_FAMILY = "1,2";
			};
			name = Release;
		};
/* End XCBuildConfiguration section */

/* Begin XCConfigurationList section */
		59DE8DD824CE0DF5000AEC34 /* Build configuration list for PBXProject "NSSentryGun" */ = {
			isa = XCConfigurationList;
			buildConfigurations = (
				59DE8DEA24CE0DF6000AEC34 /* Debug */,
				59DE8DEB24CE0DF6000AEC34 /* Release */,
			);
			defaultConfigurationIsVisible = 0;
			defaultConfigurationName = Release;
		};
		59DE8DEC24CE0DF6000AEC34 /* Build configuration list for PBXNativeTarget "NSSentryGun" */ = {
			isa = XCConfigurationList;
			buildConfigurations = (
				59DE8DED24CE0DF6000AEC34 /* Debug */,
				59DE8DEE24CE0DF6000AEC34 /* Release */,
			);
			defaultConfigurationIsVisible = 0;
			defaultConfigurationName = Release;
		};
/* End XCConfigurationList section */
	};
	rootObject = 59DE8DD524CE0DF5000AEC34 /* Project object */;
}
